
Microsoft Visual Studio Solution File, Format Version 12.00
# Visual Studio 15
VisualStudioVersion = 15.0.28307.1433
MinimumVisualStudioVersion = 10.0.40219.1
Project("{FAE04EC0-301F-11D3-BF4B-00C04F79EFBC}") = "ContractorApp", "ContractorApp\ContractorApp.csproj", "{14F050C4-F864-459E-8CA6-947241FCAA6A}"
EndProject
Global
	GlobalSection(SolutionConfigurationPlatforms) = preSolution
		Debug|Any CPU = Debug|Any CPU
		Release|Any CPU = Release|Any CPU
	EndGlobalSection
	GlobalSection(ProjectConfigurationPlatforms) = postSolution
		{14F050C4-F864-459E-8CA6-947241FCAA6A}.Debug|Any CPU.ActiveCfg = Debug|Any CPU
		{14F050C4-F864-459E-8CA6-947241FCAA6A}.Debug|Any CPU.Build.0 = Debug|Any CPU
		{14F050C4-F864-459E-8CA6-947241FCAA6A}.Release|Any CPU.ActiveCfg = Release|Any CPU
		{14F050C4-F864-459E-8CA6-947241FCAA6A}.Release|Any CPU.Build.0 = Release|Any CPU
	EndGlobalSection
	GlobalSection(SolutionProperties) = preSolution
		HideSolutionNode = FALSE
	EndGlobalSection
	GlobalSection(ExtensibilityGlobals) = postSolution
		SolutionGuid = {D9480BAD-A1E6-481A-8C04-CFE5C2FE1A20}
	EndGlobalSection
EndGlobal
